// !$*UTF8*$!
{
	archiveVersion = 1;
	classes = {
	};
	objectVersion = 50;
	objects = {

/* Begin PBXBuildFile section */
		C3A55EC6267C43D1002AFE96 /* SwiftUI_Scaled_MatricApp.swift in Sources */ = {isa = PBXBuildFile; fileRef = C3A55EC5267C43D1002AFE96 /* SwiftUI_Scaled_MatricApp.swift */; };
		C3A55EC8267C43D1002AFE96 /* ContentView.swift in Sources */ = {isa = PBXBuildFile; fileRef = C3A55EC7267C43D1002AFE96 /* ContentView.swift */; };
		C3A55ECA267C43D2002AFE96 /* Assets.xcassets in Resources */ = {isa = PBXBuildFile; fileRef = C3A55EC9267C43D2002AFE96 /* Assets.xcassets */; };
		C3A55ECD267C43D2002AFE96 /* Preview Assets.xcassets in Resources */ = {isa = PBXBuildFile; fileRef = C3A55ECC267C43D2002AFE96 /* Preview Assets.xcassets */; };
		C3A55ECF267C43D2002AFE96 /* Persistence.swift in Sources */ = {isa = PBXBuildFile; fileRef = C3A55ECE267C43D2002AFE96 /* Persistence.swift */; };
		C3A55ED2267C43D2002AFE96 /* SwiftUI_Scaled_Matric.xcdatamodeld in Sources */ = {isa = PBXBuildFile; fileRef = C3A55ED0267C43D2002AFE96 /* SwiftUI_Scaled_Matric.xcdatamodeld */; };
		C3A55EDD267C43D2002AFE96 /* SwiftUI_Scaled_MatricTests.swift in Sources */ = {isa = PBXBuildFile; fileRef = C3A55EDC267C43D2002AFE96 /* SwiftUI_Scaled_MatricTests.swift */; };
		C3A55EE8267C43D2002AFE96 /* SwiftUI_Scaled_MatricUITests.swift in Sources */ = {isa = PBXBuildFile; fileRef = C3A55EE7267C43D2002AFE96 /* SwiftUI_Scaled_MatricUITests.swift */; };
/* End PBXBuildFile section */

/* Begin PBXContainerItemProxy section */
		C3A55ED9267C43D2002AFE96 /* PBXContainerItemProxy */ = {
			isa = PBXContainerItemProxy;
			containerPortal = C3A55EBA267C43D1002AFE96 /* Project object */;
			proxyType = 1;
			remoteGlobalIDString = C3A55EC1267C43D1002AFE96;
			remoteInfo = "SwiftUI Scaled Matric";
		};
		C3A55EE4267C43D2002AFE96 /* PBXContainerItemProxy */ = {
			isa = PBXContainerItemProxy;
			containerPortal = C3A55EBA267C43D1002AFE96 /* Project object */;
			proxyType = 1;
			remoteGlobalIDString = C3A55EC1267C43D1002AFE96;
			remoteInfo = "SwiftUI Scaled Matric";
		};
/* End PBXContainerItemProxy section */

/* Begin PBXFileReference section */
		C3A55EC2267C43D1002AFE96 /* SwiftUI Scaled Matric.app */ = {isa = PBXFileReference; explicitFileType = wrapper.application; includeInIndex = 0; path = "SwiftUI Scaled Matric.app"; sourceTree = BUILT_PRODUCTS_DIR; };
		C3A55EC5267C43D1002AFE96 /* SwiftUI_Scaled_MatricApp.swift */ = {isa = PBXFileReference; lastKnownFileType = sourcecode.swift; path = SwiftUI_Scaled_MatricApp.swift; sourceTree = "<group>"; };
		C3A55EC7267C43D1002AFE96 /* ContentView.swift */ = {isa = PBXFileReference; lastKnownFileType = sourcecode.swift; path = ContentView.swift; sourceTree = "<group>"; };
		C3A55EC9267C43D2002AFE96 /* Assets.xcassets */ = {isa = PBXFileReference; lastKnownFileType = folder.assetcatalog; path = Assets.xcassets; sourceTree = "<group>"; };
		C3A55ECC267C43D2002AFE96 /* Preview Assets.xcassets */ = {isa = PBXFileReference; lastKnownFileType = folder.assetcatalog; path = "Preview Assets.xcassets"; sourceTree = "<group>"; };
		C3A55ECE267C43D2002AFE96 /* Persistence.swift */ = {isa = PBXFileReference; lastKnownFileType = sourcecode.swift; path = Persistence.swift; sourceTree = "<group>"; };
		C3A55ED1267C43D2002AFE96 /* SwiftUI_Scaled_Matric.xcdatamodel */ = {isa = PBXFileReference; lastKnownFileType = wrapper.xcdatamodel; path = SwiftUI_Scaled_Matric.xcdatamodel; sourceTree = "<group>"; };
		C3A55ED3267C43D2002AFE96 /* Info.plist */ = {isa = PBXFileReference; lastKnownFileType = text.plist.xml; path = Info.plist; sourceTree = "<group>"; };
		C3A55ED8267C43D2002AFE96 /* SwiftUI Scaled MatricTests.xctest */ = {isa = PBXFileReference; explicitFileType = wrapper.cfbundle; includeInIndex = 0; path = "SwiftUI Scaled MatricTests.xctest"; sourceTree = BUILT_PRODUCTS_DIR; };
		C3A55EDC267C43D2002AFE96 /* SwiftUI_Scaled_MatricTests.swift */ = {isa = PBXFileReference; lastKnownFileType = sourcecode.swift; path = SwiftUI_Scaled_MatricTests.swift; sourceTree = "<group>"; };
		C3A55EDE267C43D2002AFE96 /* Info.plist */ = {isa = PBXFileReference; lastKnownFileType = text.plist.xml; path = Info.plist; sourceTree = "<group>"; };
		C3A55EE3267C43D2002AFE96 /* SwiftUI Scaled MatricUITests.xctest */ = {isa = PBXFileReference; explicitFileType = wrapper.cfbundle; includeInIndex = 0; path = "SwiftUI Scaled MatricUITests.xctest"; sourceTree = BUILT_PRODUCTS_DIR; };
		C3A55EE7267C43D2002AFE96 /* SwiftUI_Scaled_MatricUITests.swift */ = {isa = PBXFileReference; lastKnownFileType = sourcecode.swift; path = SwiftUI_Scaled_MatricUITests.swift; sourceTree = "<group>"; };
		C3A55EE9267C43D2002AFE96 /* Info.plist */ = {isa = PBXFileReference; lastKnownFileType = text.plist.xml; path = Info.plist; sourceTree = "<group>"; };
/* End PBXFileReference section */

/* Begin PBXFrameworksBuildPhase section */
		C3A55EBF267C43D1002AFE96 /* Frameworks */ = {
			isa = PBXFrameworksBuildPhase;
			buildActionMask = 2147483647;
			files = (
			);
			runOnlyForDeploymentPostprocessing = 0;
		};
		C3A55ED5267C43D2002AFE96 /* Frameworks */ = {
			isa = PBXFrameworksBuildPhase;
			buildActionMask = 2147483647;
			files = (
			);
			runOnlyForDeploymentPostprocessing = 0;
		};
		C3A55EE0267C43D2002AFE96 /* Frameworks */ = {
			isa = PBXFrameworksBuildPhase;
			buildActionMask = 2147483647;
			files = (
			);
			runOnlyForDeploymentPostprocessing = 0;
		};
/* End PBXFrameworksBuildPhase section */

/* Begin PBXGroup section */
		C3A55EB9267C43D1002AFE96 = {
			isa = PBXGroup;
			children = (
				C3A55EC4267C43D1002AFE96 /* SwiftUI Scaled Matric */,
				C3A55EDB267C43D2002AFE96 /* SwiftUI Scaled MatricTests */,
				C3A55EE6267C43D2002AFE96 /* SwiftUI Scaled MatricUITests */,
				C3A55EC3267C43D1002AFE96 /* Products */,
			);
			sourceTree = "<group>";
		};
		C3A55EC3267C43D1002AFE96 /* Products */ = {
			isa = PBXGroup;
			children = (
				C3A55EC2267C43D1002AFE96 /* SwiftUI Scaled Matric.app */,
				C3A55ED8267C43D2002AFE96 /* SwiftUI Scaled MatricTests.xctest */,
				C3A55EE3267C43D2002AFE96 /* SwiftUI Scaled MatricUITests.xctest */,
			);
			name = Products;
			sourceTree = "<group>";
		};
		C3A55EC4267C43D1002AFE96 /* SwiftUI Scaled Matric */ = {
			isa = PBXGroup;
			children = (
				C3A55EC5267C43D1002AFE96 /* SwiftUI_Scaled_MatricApp.swift */,
				C3A55EC7267C43D1002AFE96 /* ContentView.swift */,
				C3A55EC9267C43D2002AFE96 /* Assets.xcassets */,
				C3A55ECE267C43D2002AFE96 /* Persistence.swift */,
				C3A55ED3267C43D2002AFE96 /* Info.plist */,
				C3A55ED0267C43D2002AFE96 /* SwiftUI_Scaled_Matric.xcdatamodeld */,
				C3A55ECB267C43D2002AFE96 /* Preview Content */,
			);
			path = "SwiftUI Scaled Matric";
			sourceTree = "<group>";
		};
		C3A55ECB267C43D2002AFE96 /* Preview Content */ = {
			isa = PBXGroup;
			children = (
				C3A55ECC267C43D2002AFE96 /* Preview Assets.xcassets */,
			);
			path = "Preview Content";
			sourceTree = "<group>";
		};
		C3A55EDB267C43D2002AFE96 /* SwiftUI Scaled MatricTests */ = {
			isa = PBXGroup;
			children = (
				C3A55EDC267C43D2002AFE96 /* SwiftUI_Scaled_MatricTests.swift */,
				C3A55EDE267C43D2002AFE96 /* Info.plist */,
			);
			path = "SwiftUI Scaled MatricTests";
			sourceTree = "<group>";
		};
		C3A55EE6267C43D2002AFE96 /* SwiftUI Scaled MatricUITests */ = {
			isa = PBXGroup;
			children = (
				C3A55EE7267C43D2002AFE96 /* SwiftUI_Scaled_MatricUITests.swift */,
				C3A55EE9267C43D2002AFE96 /* Info.plist */,
			);
			path = "SwiftUI Scaled MatricUITests";
			sourceTree = "<group>";
		};
/* End PBXGroup section */

/* Begin PBXNativeTarget section */
		C3A55EC1267C43D1002AFE96 /* SwiftUI Scaled Matric */ = {
			isa = PBXNativeTarget;
			buildConfigurationList = C3A55EEC267C43D2002AFE96 /* Build configuration list for PBXNativeTarget "SwiftUI Scaled Matric" */;
			buildPhases = (
				C3A55EBE267C43D1002AFE96 /* Sources */,
				C3A55EBF267C43D1002AFE96 /* Frameworks */,
				C3A55EC0267C43D1002AFE96 /* Resources */,
			);
			buildRules = (
			);
			dependencies = (
			);
			name = "SwiftUI Scaled Matric";
			productName = "SwiftUI Scaled Matric";
			productReference = C3A55EC2267C43D1002AFE96 /* SwiftUI Scaled Matric.app */;
			productType = "com.apple.product-type.application";
		};
		C3A55ED7267C43D2002AFE96 /* SwiftUI Scaled MatricTests */ = {
			isa = PBXNativeTarget;
			buildConfigurationList = C3A55EEF267C43D2002AFE96 /* Build configuration list for PBXNativeTarget "SwiftUI Scaled MatricTests" */;
			buildPhases = (
				C3A55ED4267C43D2002AFE96 /* Sources */,
				C3A55ED5267C43D2002AFE96 /* Frameworks */,
				C3A55ED6267C43D2002AFE96 /* Resources */,
			);
			buildRules = (
			);
			dependencies = (
				C3A55EDA267C43D2002AFE96 /* PBXTargetDependency */,
			);
			name = "SwiftUI Scaled MatricTests";
			productName = "SwiftUI Scaled MatricTests";
			productReference = C3A55ED8267C43D2002AFE96 /* SwiftUI Scaled MatricTests.xctest */;
			productType = "com.apple.product-type.bundle.unit-test";
		};
		C3A55EE2267C43D2002AFE96 /* SwiftUI Scaled MatricUITests */ = {
			isa = PBXNativeTarget;
			buildConfigurationList = C3A55EF2267C43D2002AFE96 /* Build configuration list for PBXNativeTarget "SwiftUI Scaled MatricUITests" */;
			buildPhases = (
				C3A55EDF267C43D2002AFE96 /* Sources */,
				C3A55EE0267C43D2002AFE96 /* Frameworks */,
				C3A55EE1267C43D2002AFE96 /* Resources */,
			);
			buildRules = (
			);
			dependencies = (
				C3A55EE5267C43D2002AFE96 /* PBXTargetDependency */,
			);
			name = "SwiftUI Scaled MatricUITests";
			productName = "SwiftUI Scaled MatricUITests";
			productReference = C3A55EE3267C43D2002AFE96 /* SwiftUI Scaled MatricUITests.xctest */;
			productType = "com.apple.product-type.bundle.ui-testing";
		};
/* End PBXNativeTarget section */

/* Begin PBXProject section */
		C3A55EBA267C43D1002AFE96 /* Project object */ = {
			isa = PBXProject;
			attributes = {
				LastSwiftUpdateCheck = 1250;
				LastUpgradeCheck = 1250;
				TargetAttributes = {
					C3A55EC1267C43D1002AFE96 = {
						CreatedOnToolsVersion = 12.5;
					};
					C3A55ED7267C43D2002AFE96 = {
						CreatedOnToolsVersion = 12.5;
						TestTargetID = C3A55EC1267C43D1002AFE96;
					};
					C3A55EE2267C43D2002AFE96 = {
						CreatedOnToolsVersion = 12.5;
						TestTargetID = C3A55EC1267C43D1002AFE96;
					};
				};
			};
			buildConfigurationList = C3A55EBD267C43D1002AFE96 /* Build configuration list for PBXProject "SwiftUI Scaled Matric" */;
			compatibilityVersion = "Xcode 9.3";
			developmentRegion = en;
			hasScannedForEncodings = 0;
			knownRegions = (
				en,
				Base,
			);
			mainGroup = C3A55EB9267C43D1002AFE96;
			productRefGroup = C3A55EC3267C43D1002AFE96 /* Products */;
			projectDirPath = "";
			projectRoot = "";
			targets = (
				C3A55EC1267C43D1002AFE96 /* SwiftUI Scaled Matric */,
				C3A55ED7267C43D2002AFE96 /* SwiftUI Scaled MatricTests */,
				C3A55EE2267C43D2002AFE96 /* SwiftUI Scaled MatricUITests */,
			);
		};
/* End PBXProject section */

/* Begin PBXResourcesBuildPhase section */
		C3A55EC0267C43D1002AFE96 /* Resources */ = {
			isa = PBXResourcesBuildPhase;
			buildActionMask = 2147483647;
			files = (
				C3A55ECD267C43D2002AFE96 /* Preview Assets.xcassets in Resources */,
				C3A55ECA267C43D2002AFE96 /* Assets.xcassets in Resources */,
			);
			runOnlyForDeploymentPostprocessing = 0;
		};
		C3A55ED6267C43D2002AFE96 /* Resources */ = {
			isa = PBXResourcesBuildPhase;
			buildActionMask = 2147483647;
			files = (
			);
			runOnlyForDeploymentPostprocessing = 0;
		};
		C3A55EE1267C43D2002AFE96 /* Resources */ = {
			isa = PBXResourcesBuildPhase;
			buildActionMask = 2147483647;
			files = (
			);
			runOnlyForDeploymentPostprocessing = 0;
		};
/* End PBXResourcesBuildPhase section */

/* Begin PBXSourcesBuildPhase section */
		C3A55EBE267C43D1002AFE96 /* Sources */ = {
			isa = PBXSourcesBuildPhase;
			buildActionMask = 2147483647;
			files = (
				C3A55ECF267C43D2002AFE96 /* Persistence.swift in Sources */,
				C3A55EC8267C43D1002AFE96 /* ContentView.swift in Sources */,
				C3A55EC6267C43D1002AFE96 /* SwiftUI_Scaled_MatricApp.swift in Sources */,
				C3A55ED2267C43D2002AFE96 /* SwiftUI_Scaled_Matric.xcdatamodeld in Sources */,
			);
			runOnlyForDeploymentPostprocessing = 0;
		};
		C3A55ED4267C43D2002AFE96 /* Sources */ = {
			isa = PBXSourcesBuildPhase;
			buildActionMask = 2147483647;
			files = (
				C3A55EDD267C43D2002AFE96 /* SwiftUI_Scaled_MatricTests.swift in Sources */,
			);
			runOnlyForDeploymentPostprocessing = 0;
		};
		C3A55EDF267C43D2002AFE96 /* Sources */ = {
			isa = PBXSourcesBuildPhase;
			buildActionMask = 2147483647;
			files = (
				C3A55EE8267C43D2002AFE96 /* SwiftUI_Scaled_MatricUITests.swift in Sources */,
			);
			runOnlyForDeploymentPostprocessing = 0;
		};
/* End PBXSourcesBuildPhase section */

/* Begin PBXTargetDependency section */
		C3A55EDA267C43D2002AFE96 /* PBXTargetDependency */ = {
			isa = PBXTargetDependency;
			target = C3A55EC1267C43D1002AFE96 /* SwiftUI Scaled Matric */;
			targetProxy = C3A55ED9267C43D2002AFE96 /* PBXContainerItemProxy */;
		};
		C3A55EE5267C43D2002AFE96 /* PBXTargetDependency */ = {
			isa = PBXTargetDependency;
			target = C3A55EC1267C43D1002AFE96 /* SwiftUI Scaled Matric */;
			targetProxy = C3A55EE4267C43D2002AFE96 /* PBXContainerItemProxy */;
		};
/* End PBXTargetDependency section */

/* Begin XCBuildConfiguration section */
		C3A55EEA267C43D2002AFE96 /* Debug */ = {
			isa = XCBuildConfiguration;
			buildSettings = {
				ALWAYS_SEARCH_USER_PATHS = NO;
				CLANG_ANALYZER_NONNULL = YES;
				CLANG_ANALYZER_NUMBER_OBJECT_CONVERSION = YES_AGGRESSIVE;
				CLANG_CXX_LANGUAGE_STANDARD = "gnu++14";
				CLANG_CXX_LIBRARY = "libc++";
				CLANG_ENABLE_MODULES = YES;
				CLANG_ENABLE_OBJC_ARC = YES;
				CLANG_ENABLE_OBJC_WEAK = YES;
				CLANG_WARN_BLOCK_CAPTURE_AUTORELEASING = YES;
				CLANG_WARN_BOOL_CONVERSION = YES;
				CLANG_WARN_COMMA = YES;
				CLANG_WARN_CONSTANT_CONVERSION = YES;
				CLANG_WARN_DEPRECATED_OBJC_IMPLEMENTATIONS = YES;
				CLANG_WARN_DIRECT_OBJC_ISA_USAGE = YES_ERROR;
				CLANG_WARN_DOCUMENTATION_COMMENTS = YES;
				CLANG_WARN_EMPTY_BODY = YES;
				CLANG_WARN_ENUM_CONVERSION = YES;
				CLANG_WARN_INFINITE_RECURSION = YES;
				CLANG_WARN_INT_CONVERSION = YES;
				CLANG_WARN_NON_LITERAL_NULL_CONVERSION = YES;
				CLANG_WARN_OBJC_IMPLICIT_RETAIN_SELF = YES;
				CLANG_WARN_OBJC_LITERAL_CONVERSION = YES;
				CLANG_WARN_OBJC_ROOT_CLASS = YES_ERROR;
				CLANG_WARN_QUOTED_INCLUDE_IN_FRAMEWORK_HEADER = YES;
				CLANG_WARN_RANGE_LOOP_ANALYSIS = YES;
				CLANG_WARN_STRICT_PROTOTYPES = YES;
				CLANG_WARN_SUSPICIOUS_MOVE = YES;
				CLANG_WARN_UNGUARDED_AVAILABILITY = YES_AGGRESSIVE;
				CLANG_WARN_UNREACHABLE_CODE = YES;
				CLANG_WARN__DUPLICATE_METHOD_MATCH = YES;
				COPY_PHASE_STRIP = NO;
				DEBUG_INFORMATION_FORMAT = dwarf;
				ENABLE_STRICT_OBJC_MSGSEND = YES;
				ENABLE_TESTABILITY = YES;
				GCC_C_LANGUAGE_STANDARD = gnu11;
				GCC_DYNAMIC_NO_PIC = NO;
				GCC_NO_COMMON_BLOCKS = YES;
				GCC_OPTIMIZATION_LEVEL = 0;
				GCC_PREPROCESSOR_DEFINITIONS = (
					"DEBUG=1",
					"$(inherited)",
				);
				GCC_WARN_64_TO_32_BIT_CONVERSION = YES;
				GCC_WARN_ABOUT_RETURN_TYPE = YES_ERROR;
				GCC_WARN_UNDECLARED_SELECTOR = YES;
				GCC_WARN_UNINITIALIZED_AUTOS = YES_AGGRESSIVE;
				GCC_WARN_UNUSED_FUNCTION = YES;
				GCC_WARN_UNUSED_VARIABLE = YES;
				IPHONEOS_DEPLOYMENT_TARGET = 14.5;
				MTL_ENABLE_DEBUG_INFO = INCLUDE_SOURCE;
				MTL_FAST_MATH = YES;
				ONLY_ACTIVE_ARCH = YES;
				SDKROOT = iphoneos;
				SWIFT_ACTIVE_COMPILATION_CONDITIONS = DEBUG;
				SWIFT_OPTIMIZATION_LEVEL = "-Onone";
			};
			name = Debug;
		};
		C3A55EEB267C43D2002AFE96 /* Release */ = {
			isa = XCBuildConfiguration;
			buildSettings = {
				ALWAYS_SEARCH_USER_PATHS = NO;
				CLANG_ANALYZER_NONNULL = YES;
				CLANG_ANALYZER_NUMBER_OBJECT_CONVERSION = YES_AGGRESSIVE;
				CLANG_CXX_LANGUAGE_STANDARD = "gnu++14";
				CLANG_CXX_LIBRARY = "libc++";
				CLANG_ENABLE_MODULES = YES;
				CLANG_ENABLE_OBJC_ARC = YES;
				CLANG_ENABLE_OBJC_WEAK = YES;
				CLANG_WARN_BLOCK_CAPTURE_AUTORELEASING = YES;
				CLANG_WARN_BOOL_CONVERSION = YES;
				CLANG_WARN_COMMA = YES;
				CLANG_WARN_CONSTANT_CONVERSION = YES;
				CLANG_WARN_DEPRECATED_OBJC_IMPLEMENTATIONS = YES;
				CLANG_WARN_DIRECT_OBJC_ISA_USAGE = YES_ERROR;
				CLANG_WARN_DOCUMENTATION_COMMENTS = YES;
				CLANG_WARN_EMPTY_BODY = YES;
				CLANG_WARN_ENUM_CONVERSION = YES;
				CLANG_WARN_INFINITE_RECURSION = YES;
				CLANG_WARN_INT_CONVERSION = YES;
				CLANG_WARN_NON_LITERAL_NULL_CONVERSION = YES;
				CLANG_WARN_OBJC_IMPLICIT_RETAIN_SELF = YES;
				CLANG_WARN_OBJC_LITERAL_CONVERSION = YES;
				CLANG_WARN_OBJC_ROOT_CLASS = YES_ERROR;
				CLANG_WARN_QUOTED_INCLUDE_IN_FRAMEWORK_HEADER = YES;
				CLANG_WARN_RANGE_LOOP_ANALYSIS = YES;
				CLANG_WARN_STRICT_PROTOTYPES = YES;
				CLANG_WARN_SUSPICIOUS_MOVE = YES;
				CLANG_WARN_UNGUARDED_AVAILABILITY = YES_AGGRESSIVE;
				CLANG_WARN_UNREACHABLE_CODE = YES;
				CLANG_WARN__DUPLICATE_METHOD_MATCH = YES;
				COPY_PHASE_STRIP = NO;
				DEBUG_INFORMATION_FORMAT = "dwarf-with-dsym";
				ENABLE_NS_ASSERTIONS = NO;
				ENABLE_STRICT_OBJC_MSGSEND = YES;
				GCC_C_LANGUAGE_STANDARD = gnu11;
				GCC_NO_COMMON_BLOCKS = YES;
				GCC_WARN_64_TO_32_BIT_CONVERSION = YES;
				GCC_WARN_ABOUT_RETURN_TYPE = YES_ERROR;
				GCC_WARN_UNDECLARED_SELECTOR = YES;
				GCC_WARN_UNINITIALIZED_AUTOS = YES_AGGRESSIVE;
				GCC_WARN_UNUSED_FUNCTION = YES;
				GCC_WARN_UNUSED_VARIABLE = YES;
				IPHONEOS_DEPLOYMENT_TARGET = 14.5;
				MTL_ENABLE_DEBUG_INFO = NO;
				MTL_FAST_MATH = YES;
				SDKROOT = iphoneos;
				SWIFT_COMPILATION_MODE = wholemodule;
				SWIFT_OPTIMIZATION_LEVEL = "-O";
				VALIDATE_PRODUCT = YES;
			};
			name = Release;
		};
		C3A55EED267C43D2002AFE96 /* Debug */ = {
			isa = XCBuildConfiguration;
			buildSettings = {
				ASSETCATALOG_COMPILER_APPICON_NAME = AppIcon;
				ASSETCATALOG_COMPILER_GLOBAL_ACCENT_COLOR_NAME = AccentColor;
				CODE_SIGN_STYLE = Automatic;
				DEVELOPMENT_ASSET_PATHS = "\"SwiftUI Scaled Matric/Preview Content\"";
				DEVELOPMENT_TEAM = 35W7TZ9DUM;
				ENABLE_PREVIEWS = YES;
				INFOPLIST_FILE = "SwiftUI Scaled Matric/Info.plist";
				IPHONEOS_DEPLOYMENT_TARGET = 14.0;
				LD_RUNPATH_SEARCH_PATHS = (
					"$(inherited)",
					"@executable_path/Frameworks",
				);
				PRODUCT_BUNDLE_IDENTIFIER = "com.paige.SwiftUI-Scaled-Matric";
				PRODUCT_NAME = "$(TARGET_NAME)";
				SWIFT_VERSION = 5.0;
				TARGETED_DEVICE_FAMILY = "1,2";
			};
			name = Debug;
		};
		C3A55EEE267C43D2002AFE96 /* Release */ = {
			isa = XCBuildConfiguration;
			buildSettings = {
				ASSETCATALOG_COMPILER_APPICON_NAME = AppIcon;
				ASSETCATALOG_COMPILER_GLOBAL_ACCENT_COLOR_NAME = AccentColor;
				CODE_SIGN_STYLE = Automatic;
				DEVELOPMENT_ASSET_PATHS = "\"SwiftUI Scaled Matric/Preview Content\"";
				DEVELOPMENT_TEAM = 35W7TZ9DUM;
				ENABLE_PREVIEWS = YES;
				INFOPLIST_FILE = "SwiftUI Scaled Matric/Info.plist";
				IPHONEOS_DEPLOYMENT_TARGET = 14.0;
				LD_RUNPATH_SEARCH_PATHS = (
					"$(inherited)",
					"@executable_path/Frameworks",
				);
				PRODUCT_BUNDLE_IDENTIFIER = "com.paige.SwiftUI-Scaled-Matric";
				PRODUCT_NAME = "$(TARGET_NAME)";
				SWIFT_VERSION = 5.0;
				TARGETED_DEVICE_FAMILY = "1,2";
			};
			name = Release;
		};
		C3A55EF0267C43D2002AFE96 /* Debug */ = {
			isa = XCBuildConfiguration;
			buildSettings = {
				ALWAYS_EMBED_SWIFT_STANDARD_LIBRARIES = YES;
				BUNDLE_LOADER = "$(TEST_HOST)";
				CODE_SIGN_STYLE = Automatic;
				DEVELOPMENT_TEAM = 35W7TZ9DUM;
				INFOPLIST_FILE = "SwiftUI Scaled MatricTests/Info.plist";
				IPHONEOS_DEPLOYMENT_TARGET = 14.0;
				LD_RUNPATH_SEARCH_PATHS = (
					"$(inherited)",
					"@executable_path/Frameworks",
					"@loader_path/Frameworks",
				);
				PRODUCT_BUNDLE_IDENTIFIER = "com.paige.SwiftUI-Scaled-MatricTests";
				PRODUCT_NAME = "$(TARGET_NAME)";
				SWIFT_VERSION = 5.0;
				TARGETED_DEVICE_FAMILY = "1,2";
				TEST_HOST = "$(BUILT_PRODUCTS_DIR)/SwiftUI Scaled Matric.app/SwiftUI Scaled Matric";
			};
			name = Debug;
		};
		C3A55EF1267C43D2002AFE96 /* Release */ = {
			isa = XCBuildConfiguration;
			buildSettings = {
				ALWAYS_EMBED_SWIFT_STANDARD_LIBRARIES = YES;
				BUNDLE_LOADER = "$(TEST_HOST)";
				CODE_SIGN_STYLE = Automatic;
				DEVELOPMENT_TEAM = 35W7TZ9DUM;
				INFOPLIST_FILE = "SwiftUI Scaled MatricTests/Info.plist";
				IPHONEOS_DEPLOYMENT_TARGET = 14.0;
				LD_RUNPATH_SEARCH_PATHS = (
					"$(inherited)",
					"@executable_path/Frameworks",
					"@loader_path/Frameworks",
				);
				PRODUCT_BUNDLE_IDENTIFIER = "com.paige.SwiftUI-Scaled-MatricTests";
				PRODUCT_NAME = "$(TARGET_NAME)";
				SWIFT_VERSION = 5.0;
				TARGETED_DEVICE_FAMILY = "1,2";
				TEST_HOST = "$(BUILT_PRODUCTS_DIR)/SwiftUI Scaled Matric.app/SwiftUI Scaled Matric";
			};
			name = Release;
		};
		C3A55EF3267C43D2002AFE96 /* Debug */ = {
			isa = XCBuildConfiguration;
			buildSettings = {
				ALWAYS_EMBED_SWIFT_STANDARD_LIBRARIES = YES;
				CODE_SIGN_STYLE = Automatic;
				DEVELOPMENT_TEAM = 35W7TZ9DUM;
				INFOPLIST_FILE = "SwiftUI Scaled MatricUITests/Info.plist";
				LD_RUNPATH_SEARCH_PATHS = (
					"$(inherited)",
					"@executable_path/Frameworks",
					"@loader_path/Frameworks",
				);
				PRODUCT_BUNDLE_IDENTIFIER = "com.paige.SwiftUI-Scaled-MatricUITests";
				PRODUCT_NAME = "$(TARGET_NAME)";
				SWIFT_VERSION = 5.0;
				TARGETED_DEVICE_FAMILY = "1,2";
				TEST_TARGET_NAME = "SwiftUI Scaled Matric";
			};
			name = Debug;
		};
		C3A55EF4267C43D2002AFE96 /* Release */ = {
			isa = XCBuildConfiguration;
			buildSettings = {
				ALWAYS_EMBED_SWIFT_STANDARD_LIBRARIES = YES;
				CODE_SIGN_STYLE = Automatic;
				DEVELOPMENT_TEAM = 35W7TZ9DUM;
				INFOPLIST_FILE = "SwiftUI Scaled MatricUITests/Info.plist";
				LD_RUNPATH_SEARCH_PATHS = (
					"$(inherited)",
					"@executable_path/Frameworks",
					"@loader_path/Frameworks",
				);
				PRODUCT_BUNDLE_IDENTIFIER = "com.paige.SwiftUI-Scaled-MatricUITests";
				PRODUCT_NAME = "$(TARGET_NAME)";
				SWIFT_VERSION = 5.0;
				TARGETED_DEVICE_FAMILY = "1,2";
				TEST_TARGET_NAME = "SwiftUI Scaled Matric";
			};
			name = Release;
		};
/* End XCBuildConfiguration section */

/* Begin XCConfigurationList section */
		C3A55EBD267C43D1002AFE96 /* Build configuration list for PBXProject "SwiftUI Scaled Matric" */ = {
			isa = XCConfigurationList;
			buildConfigurations = (
				C3A55EEA267C43D2002AFE96 /* Debug */,
				C3A55EEB267C43D2002AFE96 /* Release */,
			);
			defaultConfigurationIsVisible = 0;
			defaultConfigurationName = Release;
		};
		C3A55EEC267C43D2002AFE96 /* Build configuration list for PBXNativeTarget "SwiftUI Scaled Matric" */ = {
			isa = XCConfigurationList;
			buildConfigurations = (
				C3A55EED267C43D2002AFE96 /* Debug */,
				C3A55EEE267C43D2002AFE96 /* Release */,
			);
			defaultConfigurationIsVisible = 0;
			defaultConfigurationName = Release;
		};
		C3A55EEF267C43D2002AFE96 /* Build configuration list for PBXNativeTarget "SwiftUI Scaled MatricTests" */ = {
			isa = XCConfigurationList;
			buildConfigurations = (
				C3A55EF0267C43D2002AFE96 /* Debug */,
				C3A55EF1267C43D2002AFE96 /* Release */,
			);
			defaultConfigurationIsVisible = 0;
			defaultConfigurationName = Release;
		};
		C3A55EF2267C43D2002AFE96 /* Build configuration list for PBXNativeTarget "SwiftUI Scaled MatricUITests" */ = {
			isa = XCConfigurationList;
			buildConfigurations = (
				C3A55EF3267C43D2002AFE96 /* Debug */,
				C3A55EF4267C43D2002AFE96 /* Release */,
			);
			defaultConfigurationIsVisible = 0;
			defaultConfigurationName = Release;
		};
/* End XCConfigurationList section */

/* Begin XCVersionGroup section */
		C3A55ED0267C43D2002AFE96 /* SwiftUI_Scaled_Matric.xcdatamodeld */ = {
			isa = XCVersionGroup;
			children = (
				C3A55ED1267C43D2002AFE96 /* SwiftUI_Scaled_Matric.xcdatamodel */,
			);
			currentVersion = C3A55ED1267C43D2002AFE96 /* SwiftUI_Scaled_Matric.xcdatamodel */;
			path = SwiftUI_Scaled_Matric.xcdatamodeld;
			sourceTree = "<group>";
			versionGroupType = wrapper.xcdatamodel;
		};
/* End XCVersionGroup section */
	};
	rootObject = C3A55EBA267C43D1002AFE96 /* Project object */;
}
